
Microsoft Visual Studio Solution File, Format Version 12.00
# Visual Studio Version 17
VisualStudioVersion = 17.10.34928.147
MinimumVisualStudioVersion = 10.0.40219.1
Project("{FAE04EC0-301F-11D3-BF4B-00C04F79EFBC}") = "Ref&OutTasks", "Ref&OutTasks\Ref&OutTasks.csproj", "{49D613F5-96AD-4E94-BEA3-F3263B266663}"
EndProject
Global
	GlobalSection(SolutionConfigurationPlatforms) = preSolution
		Debug|Any CPU = Debug|Any CPU
		Release|Any CPU = Release|Any CPU
	EndGlobalSection
	GlobalSection(ProjectConfigurationPlatforms) = postSolution
		{49D613F5-96AD-4E94-BEA3-F3263B266663}.Debug|Any CPU.ActiveCfg = Debug|Any CPU
		{49D613F5-96AD-4E94-BEA3-F3263B266663}.Debug|Any CPU.Build.0 = Debug|Any CPU
		{49D613F5-96AD-4E94-BEA3-F3263B266663}.Release|Any CPU.ActiveCfg = Release|Any CPU
		{49D613F5-96AD-4E94-BEA3-F3263B266663}.Release|Any CPU.Build.0 = Release|Any CPU
	EndGlobalSection
	GlobalSection(SolutionProperties) = preSolution
		HideSolutionNode = FALSE
	EndGlobalSection
	GlobalSection(ExtensibilityGlobals) = postSolution
		SolutionGuid = {60798674-5E54-4672-A958-07189027AC3F}
	EndGlobalSection
EndGlobal
